PODS:
  - Nimble (9.2.0)
  - Quick (4.0.0)
  - RSignatureVerifier (0.1.0)
  - SwiftLint (0.43.1)

DEPENDENCIES:
  - Nimble
  - Quick
  - RSignatureVerifier (from `./RSignatureVerifier.podspec`)
  - SwiftLint

SPEC REPOS:
  trunk:
    - Nimble
    - Quick
    - SwiftLint

EXTERNAL SOURCES:
  RSignatureVerifier:
    :path: "./RSignatureVerifier.podspec"

SPEC CHECKSUMS:
  Nimble: 4f4a345c80b503b3ea13606a4f98405974ee4d0b
  Quick: 6473349e43b9271a8d43839d9ba1c442ed1b7ac4
  RSignatureVerifier: d56875d0e59379ca53412322c888ae1b2f9d17c1
  SwiftLint: 99f82d07b837b942dd563c668de129a03fc3fb52

PODFILE CHECKSUM: 6f6b4042a29a0625af1a2e006bed88a352692fd6

COCOAPODS: 1.10.1
